
Microsoft Visual Studio Solution File, Format Version 12.00
# Visual Studio Version 17
VisualStudioVersion = 17.14.36121.58 d17.14
MinimumVisualStudioVersion = 10.0.40219.1
Project("{E24C65DC-7377-472B-9ABA-BC803B73C61A}") = "WebDemo", ".", "{276418C1-D6F2-466E-AD6C-4D0A646EECDA}"
	ProjectSection(WebsiteProperties) = preProject
		TargetFrameworkMoniker = ".NETFramework,Version%3Dv4.8"
		Debug.AspNetCompiler.VirtualPath = "/WebDemo"
		Debug.AspNetCompiler.PhysicalPath = "..\WebDemo\"
		Debug.AspNetCompiler.TargetPath = "PrecompiledWeb\WebDemo\"
		Debug.AspNetCompiler.Updateable = "true"
		Debug.AspNetCompiler.ForceOverwrite = "true"
		Debug.AspNetCompiler.FixedNames = "false"
		Debug.AspNetCompiler.Debug = "True"
		Release.AspNetCompiler.VirtualPath = "/WebDemo"
		Release.AspNetCompiler.PhysicalPath = "..\WebDemo\"
		Release.AspNetCompiler.TargetPath = "PrecompiledWeb\WebDemo\"
		Release.AspNetCompiler.Updateable = "true"
		Release.AspNetCompiler.ForceOverwrite = "true"
		Release.AspNetCompiler.FixedNames = "false"
		Release.AspNetCompiler.Debug = "False"
		VWDPort = "49285"
	EndProjectSection
EndProject
Global
	GlobalSection(SolutionConfigurationPlatforms) = preSolution
		Debug|.NET = Debug|.NET
	EndGlobalSection
	GlobalSection(ProjectConfigurationPlatforms) = postSolution
		{276418C1-D6F2-466E-AD6C-4D0A646EECDA}.Debug|.NET.ActiveCfg = Debug|.NET
		{276418C1-D6F2-466E-AD6C-4D0A646EECDA}.Debug|.NET.Build.0 = Debug|.NET
	EndGlobalSection
	GlobalSection(SolutionProperties) = preSolution
		HideSolutionNode = FALSE
	EndGlobalSection
	GlobalSection(ExtensibilityGlobals) = postSolution
		SolutionGuid = {79C34C4F-2F3A-46F7-B6FD-F30D2E305AF5}
	EndGlobalSection
EndGlobal
